
Microsoft Visual Studio Solution File, Format Version 12.00
# Visual Studio Version 17
VisualStudioVersion = 17.8.34309.116
MinimumVisualStudioVersion = 10.0.40219.1
Project("{9A19103F-16F7-4668-BE54-9A1E7A4F7556}") = "SuiseisekiDiscordBot", "SuiseisekiDiscordBot\SuiseisekiDiscordBot.csproj", "{277F654F-828D-4BB6-986E-D00BBADB7C9E}"
EndProject
Global
	GlobalSection(SolutionConfigurationPlatforms) = preSolution
		Debug|Any CPU = Debug|Any CPU
		Release|Any CPU = Release|Any CPU
	EndGlobalSection
	GlobalSection(ProjectConfigurationPlatforms) = postSolution
		{277F654F-828D-4BB6-986E-D00BBADB7C9E}.Debug|Any CPU.ActiveCfg = Debug|Any CPU
		{277F654F-828D-4BB6-986E-D00BBADB7C9E}.Debug|Any CPU.Build.0 = Debug|Any CPU
		{277F654F-828D-4BB6-986E-D00BBADB7C9E}.Release|Any CPU.ActiveCfg = Release|Any CPU
		{277F654F-828D-4BB6-986E-D00BBADB7C9E}.Release|Any CPU.Build.0 = Release|Any CPU
	EndGlobalSection
	GlobalSection(SolutionProperties) = preSolution
		HideSolutionNode = FALSE
	EndGlobalSection
	GlobalSection(ExtensibilityGlobals) = postSolution
		SolutionGuid = {55E5C89C-5A1A-4E7F-A65D-682C40477B5F}
	EndGlobalSection
EndGlobal
